
Microsoft Visual Studio Solution File, Format Version 12.00
# Visual Studio 15
VisualStudioVersion = 15.0.28010.2041
MinimumVisualStudioVersion = 10.0.40219.1
Project("{8BC9CEB8-8B4A-11D0-8D11-00A0C91BC942}") = "Sandbox", "Sandbox\Sandbox.vcxproj", "{62AAD1BA-DBA0-44E5-83FF-2BD30A52450C}"
EndProject
Project("{8BC9CEB8-8B4A-11D0-8D11-00A0C91BC942}") = "PlanetForge", "PlanetForge\PlanetForge.vcxproj", "{64B3FC68-9AD9-4D66-8BE2-069121E50160}"
EndProject
Global
	GlobalSection(SolutionConfigurationPlatforms) = preSolution
		Debug|x64 = Debug|x64
		Release|x64 = Release|x64
	EndGlobalSection
	GlobalSection(ProjectConfigurationPlatforms) = postSolution
		{64B3FC68-9AD9-4D66-8BE2-069121E50160}.Debug|x64.ActiveCfg = Debug|x64
		{64B3FC68-9AD9-4D66-8BE2-069121E50160}.Debug|x64.Build.0 = Debug|x64
		{64B3FC68-9AD9-4D66-8BE2-069121E50160}.Release|x64.ActiveCfg = Release|x64
		{64B3FC68-9AD9-4D66-8BE2-069121E50160}.Release|x64.Build.0 = Release|x64
		{62AAD1BA-DBA0-44E5-83FF-2BD30A52450C}.Debug|x64.ActiveCfg = Debug|x64
		{62AAD1BA-DBA0-44E5-83FF-2BD30A52450C}.Debug|x64.Build.0 = Debug|x64
		{62AAD1BA-DBA0-44E5-83FF-2BD30A52450C}.Release|x64.ActiveCfg = Release|x64
		{62AAD1BA-DBA0-44E5-83FF-2BD30A52450C}.Release|x64.Build.0 = Release|x64
	EndGlobalSection
	GlobalSection(SolutionProperties) = preSolution
		HideSolutionNode = FALSE
	EndGlobalSection
	GlobalSection(ExtensibilityGlobals) = postSolution
		SolutionGuid = {33D60603-98E0-45E2-917A-6A7509899EE0}
	EndGlobalSection
EndGlobal
